
Microsoft Visual Studio Solution File, Format Version 12.00
# Visual Studio 14
VisualStudioVersion = 14.0.23107.0
MinimumVisualStudioVersion = 10.0.40219.1
Project("{FAE04EC0-301F-11D3-BF4B-00C04F79EFBC}") = "StateMachine", "StateMachine\StateMachine.csproj", "{2E0D6A40-C597-42F6-A434-F673E0CF6FF2}"
EndProject
Project("{FAE04EC0-301F-11D3-BF4B-00C04F79EFBC}") = "StateMachineTesting", "StateMachineTesting\StateMachineTesting.csproj", "{7C088702-6893-4F0D-8692-ABE252EC641F}"
EndProject
Global
	GlobalSection(SolutionConfigurationPlatforms) = preSolution
		Debug|Any CPU = Debug|Any CPU
		Release|Any CPU = Release|Any CPU
	EndGlobalSection
	GlobalSection(ProjectConfigurationPlatforms) = postSolution
		{2E0D6A40-C597-42F6-A434-F673E0CF6FF2}.Debug|Any CPU.ActiveCfg = Debug|Any CPU
		{2E0D6A40-C597-42F6-A434-F673E0CF6FF2}.Debug|Any CPU.Build.0 = Debug|Any CPU
		{2E0D6A40-C597-42F6-A434-F673E0CF6FF2}.Release|Any CPU.ActiveCfg = Release|Any CPU
		{2E0D6A40-C597-42F6-A434-F673E0CF6FF2}.Release|Any CPU.Build.0 = Release|Any CPU
		{7C088702-6893-4F0D-8692-ABE252EC641F}.Debug|Any CPU.ActiveCfg = Debug|Any CPU
		{7C088702-6893-4F0D-8692-ABE252EC641F}.Debug|Any CPU.Build.0 = Debug|Any CPU
		{7C088702-6893-4F0D-8692-ABE252EC641F}.Release|Any CPU.ActiveCfg = Release|Any CPU
		{7C088702-6893-4F0D-8692-ABE252EC641F}.Release|Any CPU.Build.0 = Release|Any CPU
	EndGlobalSection
	GlobalSection(SolutionProperties) = preSolution
		HideSolutionNode = FALSE
	EndGlobalSection
EndGlobal
